// !$*UTF8*$!
{
	archiveVersion = 1;
	classes = {
	};
	objectVersion = 46;
	objects = {

/* Begin PBXBuildFile section */
		B35755E91D0981F100CA3CC8 /* AppDelegate.swift in Sources */ = {isa = PBXBuildFile; fileRef = B35755E81D0981F100CA3CC8 /* AppDelegate.swift */; };
		B35755EB1D0981F100CA3CC8 /* ViewController.swift in Sources */ = {isa = PBXBuildFile; fileRef = B35755EA1D0981F100CA3CC8 /* ViewController.swift */; };
		B35755EE1D0981F100CA3CC8 /* Main.storyboard in Resources */ = {isa = PBXBuildFile; fileRef = B35755EC1D0981F100CA3CC8 /* Main.storyboard */; };
		B35755F01D0981F100CA3CC8 /* Assets.xcassets in Resources */ = {isa = PBXBuildFile; fileRef = B35755EF1D0981F100CA3CC8 /* Assets.xcassets */; };
		B35755F31D0981F100CA3CC8 /* LaunchScreen.storyboard in Resources */ = {isa = PBXBuildFile; fileRef = B35755F11D0981F100CA3CC8 /* LaunchScreen.storyboard */; };
/* End PBXBuildFile section */

/* Begin PBXFileReference section */
		B35755E51D0981F100CA3CC8 /* Scrolls.app */ = {isa = PBXFileReference; explicitFileType = wrapper.application; includeInIndex = 0; path = Scrolls.app; sourceTree = BUILT_PRODUCTS_DIR; };
		B35755E81D0981F100CA3CC8 /* AppDelegate.swift */ = {isa = PBXFileReference; lastKnownFileType = sourcecode.swift; path = AppDelegate.swift; sourceTree = "<group>"; };
		B35755EA1D0981F100CA3CC8 /* ViewController.swift */ = {isa = PBXFileReference; lastKnownFileType = sourcecode.swift; path = ViewController.swift; sourceTree = "<group>"; };
		B35755ED1D0981F100CA3CC8 /* Base */ = {isa = PBXFileReference; lastKnownFileType = file.storyboard; name = Base; path = Base.lproj/Main.storyboard; sourceTree = "<group>"; };
		B35755EF1D0981F100CA3CC8 /* Assets.xcassets */ = {isa = PBXFileReference; lastKnownFileType = folder.assetcatalog; path = Assets.xcassets; sourceTree = "<group>"; };
		B35755F21D0981F100CA3CC8 /* Base */ = {isa = PBXFileReference; lastKnownFileType = file.storyboard; name = Base; path = Base.lproj/LaunchScreen.storyboard; sourceTree = "<group>"; };
		B35755F41D0981F100CA3CC8 /* Info.plist */ = {isa = PBXFileReference; lastKnownFileType = text.plist.xml; path = Info.plist; sourceTree = "<group>"; };
/* End PBXFileReference section */

/* Begin PBXFrameworksBuildPhase section */
		B35755E21D0981F100CA3CC8 /* Frameworks */ = {
			isa = PBXFrameworksBuildPhase;
			buildActionMask = 2147483647;
			files = (
			);
			runOnlyForDeploymentPostprocessing = 0;
		};
/* End PBXFrameworksBuildPhase section */

/* Begin PBXGroup section */
		B35755DC1D0981F100CA3CC8 = {
			isa = PBXGroup;
			children = (
				B35755E71D0981F100CA3CC8 /* Scrolls */,
				B35755E61D0981F100CA3CC8 /* Products */,
			);
			sourceTree = "<group>";
		};
		B35755E61D0981F100CA3CC8 /* Products */ = {
			isa = PBXGroup;
			children = (
				B35755E51D0981F100CA3CC8 /* Scrolls.app */,
			);
			name = Products;
			sourceTree = "<group>";
		};
		B35755E71D0981F100CA3CC8 /* Scrolls */ = {
			isa = PBXGroup;
			children = (
				B35755E81D0981F100CA3CC8 /* AppDelegate.swift */,
				B35755EA1D0981F100CA3CC8 /* ViewController.swift */,
				B35755EC1D0981F100CA3CC8 /* Main.storyboard */,
				B35755EF1D0981F100CA3CC8 /* Assets.xcassets */,
				B35755F11D0981F100CA3CC8 /* LaunchScreen.storyboard */,
				B35755F41D0981F100CA3CC8 /* Info.plist */,
			);
			path = Scrolls;
			sourceTree = "<group>";
		};
/* End PBXGroup section */

/* Begin PBXNativeTarget section */
		B35755E41D0981F100CA3CC8 /* Scrolls */ = {
			isa = PBXNativeTarget;
			buildConfigurationList = B35755F71D0981F100CA3CC8 /* Build configuration list for PBXNativeTarget "Scrolls" */;
			buildPhases = (
				B35755E11D0981F100CA3CC8 /* Sources */,
				B35755E21D0981F100CA3CC8 /* Frameworks */,
				B35755E31D0981F100CA3CC8 /* Resources */,
			);
			buildRules = (
			);
			dependencies = (
			);
			name = Scrolls;
			productName = Scrolls;
			productReference = B35755E51D0981F100CA3CC8 /* Scrolls.app */;
			productType = "com.apple.product-type.application";
		};
/* End PBXNativeTarget section */

/* Begin PBXProject section */
		B35755DD1D0981F100CA3CC8 /* Project object */ = {
			isa = PBXProject;
			attributes = {
				LastSwiftUpdateCheck = 0730;
				LastUpgradeCheck = 0730;
				ORGANIZATIONNAME = "Daniel Rangelov";
				TargetAttributes = {
					B35755E41D0981F100CA3CC8 = {
						CreatedOnToolsVersion = 7.3;
					};
				};
			};
			buildConfigurationList = B35755E01D0981F100CA3CC8 /* Build configuration list for PBXProject "Scrolls" */;
			compatibilityVersion = "Xcode 3.2";
			developmentRegion = English;
			hasScannedForEncodings = 0;
			knownRegions = (
				en,
				Base,
			);
			mainGroup = B35755DC1D0981F100CA3CC8;
			productRefGroup = B35755E61D0981F100CA3CC8 /* Products */;
			projectDirPath = "";
			projectRoot = "";
			targets = (
				B35755E41D0981F100CA3CC8 /* Scrolls */,
			);
		};
/* End PBXProject section */

/* Begin PBXResourcesBuildPhase section */
		B35755E31D0981F100CA3CC8 /* Resources */ = {
			isa = PBXResourcesBuildPhase;
			buildActionMask = 2147483647;
			files = (
				B35755F31D0981F100CA3CC8 /* LaunchScreen.storyboard in Resources */,
				B35755F01D0981F100CA3CC8 /* Assets.xcassets in Resources */,
				B35755EE1D0981F100CA3CC8 /* Main.storyboard in Resources */,
			);
			runOnlyForDeploymentPostprocessing = 0;
		};
/* End PBXResourcesBuildPhase section */

/* Begin PBXSourcesBuildPhase section */
		B35755E11D0981F100CA3CC8 /* Sources */ = {
			isa = PBXSourcesBuildPhase;
			buildActionMask = 2147483647;
			files = (
				B35755EB1D0981F100CA3CC8 /* ViewController.swift in Sources */,
				B35755E91D0981F100CA3CC8 /* AppDelegate.swift in Sources */,
			);
			runOnlyForDeploymentPostprocessing = 0;
		};
/* End PBXSourcesBuildPhase section */

/* Begin PBXVariantGroup section */
		B35755EC1D0981F100CA3CC8 /* Main.storyboard */ = {
			isa = PBXVariantGroup;
			children = (
				B35755ED1D0981F100CA3CC8 /* Base */,
			);
			name = Main.storyboard;
			sourceTree = "<group>";
		};
		B35755F11D0981F100CA3CC8 /* LaunchScreen.storyboard */ = {
			isa = PBXVariantGroup;
			children = (
				B35755F21D0981F100CA3CC8 /* Base */,
			);
			name = LaunchScreen.storyboard;
			sourceTree = "<group>";
		};
/* End PBXVariantGroup section */

/* Begin XCBuildConfiguration section */
		B35755F51D0981F100CA3CC8 /* Debug */ = {
			isa = XCBuildConfiguration;
			buildSettings = {
				ALWAYS_SEARCH_USER_PATHS = NO;
				CLANG_ANALYZER_NONNULL = YES;
				CLANG_CXX_LANGUAGE_STANDARD = "gnu++0x";
				CLANG_CXX_LIBRARY = "libc++";
				CLANG_ENABLE_MODULES = YES;
				CLANG_ENABLE_OBJC_ARC = YES;
				CLANG_WARN_BOOL_CONVERSION = YES;
				CLANG_WARN_CONSTANT_CONVERSION = YES;
				CLANG_WARN_DIRECT_OBJC_ISA_USAGE = YES_ERROR;
				CLANG_WARN_EMPTY_BODY = YES;
				CLANG_WARN_ENUM_CONVERSION = YES;
				CLANG_WARN_INT_CONVERSION = YES;
				CLANG_WARN_OBJC_ROOT_CLASS = YES_ERROR;
				CLANG_WARN_UNREACHABLE_CODE = YES;
				CLANG_WARN__DUPLICATE_METHOD_MATCH = YES;
				"CODE_SIGN_IDENTITY[sdk=iphoneos*]" = "iPhone Developer";
				COPY_PHASE_STRIP = NO;
				DEBUG_INFORMATION_FORMAT = dwarf;
				ENABLE_STRICT_OBJC_MSGSEND = YES;
				ENABLE_TESTABILITY = YES;
				GCC_C_LANGUAGE_STANDARD = gnu99;
				GCC_DYNAMIC_NO_PIC = NO;
				GCC_NO_COMMON_BLOCKS = YES;
				GCC_OPTIMIZATION_LEVEL = 0;
				GCC_PREPROCESSOR_DEFINITIONS = (
					"DEBUG=1",
					"$(inherited)",
				);
				GCC_WARN_64_TO_32_BIT_CONVERSION = YES;
				GCC_WARN_ABOUT_RETURN_TYPE = YES_ERROR;
				GCC_WARN_UNDECLARED_SELECTOR = YES;
				GCC_WARN_UNINITIALIZED_AUTOS = YES_AGGRESSIVE;
				GCC_WARN_UNUSED_FUNCTION = YES;
				GCC_WARN_UNUSED_VARIABLE = YES;
				IPHONEOS_DEPLOYMENT_TARGET = 9.3;
				MTL_ENABLE_DEBUG_INFO = YES;
				ONLY_ACTIVE_ARCH = YES;
				SDKROOT = iphoneos;
				SWIFT_OPTIMIZATION_LEVEL = "-Onone";
				TARGETED_DEVICE_FAMILY = "1,2";
			};
			name = Debug;
		};
		B35755F61D0981F100CA3CC8 /* Release */ = {
			isa = XCBuildConfiguration;
			buildSettings = {
				ALWAYS_SEARCH_USER_PATHS = NO;
				CLANG_ANALYZER_NONNULL = YES;
				CLANG_CXX_LANGUAGE_STANDARD = "gnu++0x";
				CLANG_CXX_LIBRARY = "libc++";
				CLANG_ENABLE_MODULES = YES;
				CLANG_ENABLE_OBJC_ARC = YES;
				CLANG_WARN_BOOL_CONVERSION = YES;
				CLANG_WARN_CONSTANT_CONVERSION = YES;
				CLANG_WARN_DIRECT_OBJC_ISA_USAGE = YES_ERROR;
				CLANG_WARN_EMPTY_BODY = YES;
				CLANG_WARN_ENUM_CONVERSION = YES;
				CLANG_WARN_INT_CONVERSION = YES;
				CLANG_WARN_OBJC_ROOT_CLASS = YES_ERROR;
				CLANG_WARN_UNREACHABLE_CODE = YES;
				CLANG_WARN__DUPLICATE_METHOD_MATCH = YES;
				"CODE_SIGN_IDENTITY[sdk=iphoneos*]" = "iPhone Developer";
				COPY_PHASE_STRIP = NO;
				DEBUG_INFORMATION_FORMAT = "dwarf-with-dsym";
				ENABLE_NS_ASSERTIONS = NO;
				ENABLE_STRICT_OBJC_MSGSEND = YES;
				GCC_C_LANGUAGE_STANDARD = gnu99;
				GCC_NO_COMMON_BLOCKS = YES;
				GCC_WARN_64_TO_32_BIT_CONVERSION = YES;
				GCC_WARN_ABOUT_RETURN_TYPE = YES_ERROR;
				GCC_WARN_UNDECLARED_SELECTOR = YES;
				GCC_WARN_UNINITIALIZED_AUTOS = YES_AGGRESSIVE;
				GCC_WARN_UNUSED_FUNCTION = YES;
				GCC_WARN_UNUSED_VARIABLE = YES;
				IPHONEOS_DEPLOYMENT_TARGET = 9.3;
				MTL_ENABLE_DEBUG_INFO = NO;
				SDKROOT = iphoneos;
				TARGETED_DEVICE_FAMILY = "1,2";
				VALIDATE_PRODUCT = YES;
			};
			name = Release;
		};
		B35755F81D0981F100CA3CC8 /* Debug */ = {
			isa = XCBuildConfiguration;
			buildSettings = {
				ASSETCATALOG_COMPILER_APPICON_NAME = AppIcon;
				INFOPLIST_FILE = Scrolls/Info.plist;
				LD_RUNPATH_SEARCH_PATHS = "$(inherited) @executable_path/Frameworks";
				PRODUCT_BUNDLE_IDENTIFIER = DX.Scrolls;
				PRODUCT_NAME = "$(TARGET_NAME)";
			};
			name = Debug;
		};
		B35755F91D0981F100CA3CC8 /* Release */ = {
			isa = XCBuildConfiguration;
			buildSettings = {
				ASSETCATALOG_COMPILER_APPICON_NAME = AppIcon;
				INFOPLIST_FILE = Scrolls/Info.plist;
				LD_RUNPATH_SEARCH_PATHS = "$(inherited) @executable_path/Frameworks";
				PRODUCT_BUNDLE_IDENTIFIER = DX.Scrolls;
				PRODUCT_NAME = "$(TARGET_NAME)";
			};
			name = Release;
		};
/* End XCBuildConfiguration section */

/* Begin XCConfigurationList section */
		B35755E01D0981F100CA3CC8 /* Build configuration list for PBXProject "Scrolls" */ = {
			isa = XCConfigurationList;
			buildConfigurations = (
				B35755F51D0981F100CA3CC8 /* Debug */,
				B35755F61D0981F100CA3CC8 /* Release */,
			);
			defaultConfigurationIsVisible = 0;
			defaultConfigurationName = Release;
		};
		B35755F71D0981F100CA3CC8 /* Build configuration list for PBXNativeTarget "Scrolls" */ = {
			isa = XCConfigurationList;
			buildConfigurations = (
				B35755F81D0981F100CA3CC8 /* Debug */,
				B35755F91D0981F100CA3CC8 /* Release */,
			);
			defaultConfigurationIsVisible = 0;
		};
/* End XCConfigurationList section */
	};
	rootObject = B35755DD1D0981F100CA3CC8 /* Project object */;
}
